PODS:
  - KGKeyboardChangeManager (0.0.3)

DEPENDENCIES:
  - KGKeyboardChangeManager (from `https://github.com/Speedy-Cat/KGKeyboardChangeManager.git`)

EXTERNAL SOURCES:
  KGKeyboardChangeManager:
    :git: https://github.com/Speedy-Cat/KGKeyboardChangeManager.git

CHECKOUT OPTIONS:
  KGKeyboardChangeManager:
    :commit: 3f43a44545f7b4d25983f05817d2aa350fb8ff7d
    :git: https://github.com/Speedy-Cat/KGKeyboardChangeManager.git

SPEC CHECKSUMS:
  KGKeyboardChangeManager: 122f900e34e530e7f4f55a2753f6245d1bdc2c7c

PODFILE CHECKSUM: d66b49aaf587a5c55e4948761791c224f07483e5

COCOAPODS: 1.0.0.beta.1
